
Microsoft Visual Studio Solution File, Format Version 12.00
# Visual Studio 15
VisualStudioVersion = 15.0.28307.645
MinimumVisualStudioVersion = 10.0.40219.1
Project("{2150E333-8FDC-42A3-9474-1A3956D46DE8}") = "src", "src", "{B949EC84-C849-4EDB-8E6C-7AAF38B69A79}"
EndProject
Project("{FAE04EC0-301F-11D3-BF4B-00C04F79EFBC}") = "Aws.DistributedMutex", "src\Aws.DistributedMutex\Aws.DistributedMutex.csproj", "{66E81965-97B2-4CDE-9642-825DA79EBBC3}"
EndProject
Project("{2150E333-8FDC-42A3-9474-1A3956D46DE8}") = "test", "test", "{0F1782C7-45F4-4F85-BA9D-78B2ACF74C20}"
EndProject
Project("{FAE04EC0-301F-11D3-BF4B-00C04F79EFBC}") = "Aws.DistributedMutext.Tests", "test\Aws.DistributedMutext.Tests\Aws.DistributedMutext.Tests.csproj", "{386FD3AB-5997-411B-BA10-B50CB9008B3E}"
EndProject
Global
	GlobalSection(SolutionConfigurationPlatforms) = preSolution
		Debug|Any CPU = Debug|Any CPU
		Release|Any CPU = Release|Any CPU
	EndGlobalSection
	GlobalSection(ProjectConfigurationPlatforms) = postSolution
		{66E81965-97B2-4CDE-9642-825DA79EBBC3}.Debug|Any CPU.ActiveCfg = Debug|Any CPU
		{66E81965-97B2-4CDE-9642-825DA79EBBC3}.Debug|Any CPU.Build.0 = Debug|Any CPU
		{66E81965-97B2-4CDE-9642-825DA79EBBC3}.Release|Any CPU.ActiveCfg = Release|Any CPU
		{66E81965-97B2-4CDE-9642-825DA79EBBC3}.Release|Any CPU.Build.0 = Release|Any CPU
		{386FD3AB-5997-411B-BA10-B50CB9008B3E}.Debug|Any CPU.ActiveCfg = Debug|Any CPU
		{386FD3AB-5997-411B-BA10-B50CB9008B3E}.Debug|Any CPU.Build.0 = Debug|Any CPU
		{386FD3AB-5997-411B-BA10-B50CB9008B3E}.Release|Any CPU.ActiveCfg = Release|Any CPU
		{386FD3AB-5997-411B-BA10-B50CB9008B3E}.Release|Any CPU.Build.0 = Release|Any CPU
	EndGlobalSection
	GlobalSection(SolutionProperties) = preSolution
		HideSolutionNode = FALSE
	EndGlobalSection
	GlobalSection(NestedProjects) = preSolution
		{66E81965-97B2-4CDE-9642-825DA79EBBC3} = {B949EC84-C849-4EDB-8E6C-7AAF38B69A79}
		{386FD3AB-5997-411B-BA10-B50CB9008B3E} = {0F1782C7-45F4-4F85-BA9D-78B2ACF74C20}
	EndGlobalSection
	GlobalSection(ExtensibilityGlobals) = postSolution
		SolutionGuid = {E3F31D9F-1F69-4316-AC4F-EA72827ABE98}
	EndGlobalSection
EndGlobal
